
Microsoft Visual Studio Solution File, Format Version 12.00
# Visual Studio Version 16
VisualStudioVersion = 16.0.29215.179
MinimumVisualStudioVersion = 10.0.40219.1
Project("{FAE04EC0-301F-11D3-BF4B-00C04F79EFBC}") = "WhiteNoiseApp", "WhiteNoiseApp\WhiteNoiseApp.csproj", "{8DB15146-BC82-4C9C-BDC5-351FE8DF7ABB}"
EndProject
Project("{FAE04EC0-301F-11D3-BF4B-00C04F79EFBC}") = "WhiteNoiseApp.Android", "WhiteNoiseApp.Android\WhiteNoiseApp.Android.csproj", "{22D53993-42AD-499A-91C5-CD11719E7E43}"
EndProject
Project("{FAE04EC0-301F-11D3-BF4B-00C04F79EFBC}") = "WhiteNoiseApp.iOS", "WhiteNoiseApp.iOS\WhiteNoiseApp.iOS.csproj", "{A15E8065-E3D4-4320-803B-55F84C6956AC}"
EndProject
Global
	GlobalSection(SolutionConfigurationPlatforms) = preSolution
		Ad-Hoc|Any CPU = Ad-Hoc|Any CPU
		Ad-Hoc|iPhone = Ad-Hoc|iPhone
		Ad-Hoc|iPhoneSimulator = Ad-Hoc|iPhoneSimulator
		AppStore|Any CPU = AppStore|Any CPU
		AppStore|iPhone = AppStore|iPhone
		AppStore|iPhoneSimulator = AppStore|iPhoneSimulator
		Debug|Any CPU = Debug|Any CPU
		Debug|iPhone = Debug|iPhone
		Debug|iPhoneSimulator = Debug|iPhoneSimulator
		Release|Any CPU = Release|Any CPU
		Release|iPhone = Release|iPhone
		Release|iPhoneSimulator = Release|iPhoneSimulator
	EndGlobalSection
	GlobalSection(ProjectConfigurationPlatforms) = postSolution
		{8DB15146-BC82-4C9C-BDC5-351FE8DF7ABB}.Ad-Hoc|Any CPU.ActiveCfg = Debug|Any CPU
		{8DB15146-BC82-4C9C-BDC5-351FE8DF7ABB}.Ad-Hoc|Any CPU.Build.0 = Debug|Any CPU
		{8DB15146-BC82-4C9C-BDC5-351FE8DF7ABB}.Ad-Hoc|iPhone.ActiveCfg = Debug|Any CPU
		{8DB15146-BC82-4C9C-BDC5-351FE8DF7ABB}.Ad-Hoc|iPhone.Build.0 = Debug|Any CPU
		{8DB15146-BC82-4C9C-BDC5-351FE8DF7ABB}.Ad-Hoc|iPhoneSimulator.ActiveCfg = Debug|Any CPU
		{8DB15146-BC82-4C9C-BDC5-351FE8DF7ABB}.Ad-Hoc|iPhoneSimulator.Build.0 = Debug|Any CPU
		{8DB15146-BC82-4C9C-BDC5-351FE8DF7ABB}.AppStore|Any CPU.ActiveCfg = Debug|Any CPU
		{8DB15146-BC82-4C9C-BDC5-351FE8DF7ABB}.AppStore|Any CPU.Build.0 = Debug|Any CPU
		{8DB15146-BC82-4C9C-BDC5-351FE8DF7ABB}.AppStore|iPhone.ActiveCfg = Debug|Any CPU
		{8DB15146-BC82-4C9C-BDC5-351FE8DF7ABB}.AppStore|iPhone.Build.0 = Debug|Any CPU
		{8DB15146-BC82-4C9C-BDC5-351FE8DF7ABB}.AppStore|iPhoneSimulator.ActiveCfg = Debug|Any CPU
		{8DB15146-BC82-4C9C-BDC5-351FE8DF7ABB}.AppStore|iPhoneSimulator.Build.0 = Debug|Any CPU
		{8DB15146-BC82-4C9C-BDC5-351FE8DF7ABB}.Debug|Any CPU.ActiveCfg = Debug|Any CPU
		{8DB15146-BC82-4C9C-BDC5-351FE8DF7ABB}.Debug|Any CPU.Build.0 = Debug|Any CPU
		{8DB15146-BC82-4C9C-BDC5-351FE8DF7ABB}.Debug|iPhone.ActiveCfg = Debug|Any CPU
		{8DB15146-BC82-4C9C-BDC5-351FE8DF7ABB}.Debug|iPhone.Build.0 = Debug|Any CPU
		{8DB15146-BC82-4C9C-BDC5-351FE8DF7ABB}.Debug|iPhoneSimulator.ActiveCfg = Debug|Any CPU
		{8DB15146-BC82-4C9C-BDC5-351FE8DF7ABB}.Debug|iPhoneSimulator.Build.0 = Debug|Any CPU
		{8DB15146-BC82-4C9C-BDC5-351FE8DF7ABB}.Release|Any CPU.ActiveCfg = Release|Any CPU
		{8DB15146-BC82-4C9C-BDC5-351FE8DF7ABB}.Release|Any CPU.Build.0 = Release|Any CPU
		{8DB15146-BC82-4C9C-BDC5-351FE8DF7ABB}.Release|iPhone.ActiveCfg = Release|Any CPU
		{8DB15146-BC82-4C9C-BDC5-351FE8DF7ABB}.Release|iPhone.Build.0 = Release|Any CPU
		{8DB15146-BC82-4C9C-BDC5-351FE8DF7ABB}.Release|iPhoneSimulator.ActiveCfg = Release|Any CPU
		{8DB15146-BC82-4C9C-BDC5-351FE8DF7ABB}.Release|iPhoneSimulator.Build.0 = Release|Any CPU
		{22D53993-42AD-499A-91C5-CD11719E7E43}.Ad-Hoc|Any CPU.ActiveCfg = Release|Any CPU
		{22D53993-42AD-499A-91C5-CD11719E7E43}.Ad-Hoc|Any CPU.Build.0 = Release|Any CPU
		{22D53993-42AD-499A-91C5-CD11719E7E43}.Ad-Hoc|Any CPU.Deploy.0 = Release|Any CPU
		{22D53993-42AD-499A-91C5-CD11719E7E43}.Ad-Hoc|iPhone.ActiveCfg = Release|Any CPU
		{22D53993-42AD-499A-91C5-CD11719E7E43}.Ad-Hoc|iPhone.Build.0 = Release|Any CPU
		{22D53993-42AD-499A-91C5-CD11719E7E43}.Ad-Hoc|iPhone.Deploy.0 = Release|Any CPU
		{22D53993-42AD-499A-91C5-CD11719E7E43}.Ad-Hoc|iPhoneSimulator.ActiveCfg = Release|Any CPU
		{22D53993-42AD-499A-91C5-CD11719E7E43}.Ad-Hoc|iPhoneSimulator.Build.0 = Release|Any CPU
		{22D53993-42AD-499A-91C5-CD11719E7E43}.Ad-Hoc|iPhoneSimulator.Deploy.0 = Release|Any CPU
		{22D53993-42AD-499A-91C5-CD11719E7E43}.AppStore|Any CPU.ActiveCfg = Release|Any CPU
		{22D53993-42AD-499A-91C5-CD11719E7E43}.AppStore|Any CPU.Build.0 = Release|Any CPU
		{22D53993-42AD-499A-91C5-CD11719E7E43}.AppStore|Any CPU.Deploy.0 = Release|Any CPU
		{22D53993-42AD-499A-91C5-CD11719E7E43}.AppStore|iPhone.ActiveCfg = Release|Any CPU
		{22D53993-42AD-499A-91C5-CD11719E7E43}.AppStore|iPhone.Build.0 = Release|Any CPU
		{22D53993-42AD-499A-91C5-CD11719E7E43}.AppStore|iPhone.Deploy.0 = Release|Any CPU
		{22D53993-42AD-499A-91C5-CD11719E7E43}.AppStore|iPhoneSimulator.ActiveCfg = Release|Any CPU
		{22D53993-42AD-499A-91C5-CD11719E7E43}.AppStore|iPhoneSimulator.Build.0 = Release|Any CPU
		{22D53993-42AD-499A-91C5-CD11719E7E43}.AppStore|iPhoneSimulator.Deploy.0 = Release|Any CPU
		{22D53993-42AD-499A-91C5-CD11719E7E43}.Debug|Any CPU.ActiveCfg = Debug|Any CPU
		{22D53993-42AD-499A-91C5-CD11719E7E43}.Debug|Any CPU.Build.0 = Debug|Any CPU
		{22D53993-42AD-499A-91C5-CD11719E7E43}.Debug|Any CPU.Deploy.0 = Debug|Any CPU
		{22D53993-42AD-499A-91C5-CD11719E7E43}.Debug|iPhone.ActiveCfg = Debug|Any CPU
		{22D53993-42AD-499A-91C5-CD11719E7E43}.Debug|iPhone.Build.0 = Debug|Any CPU
		{22D53993-42AD-499A-91C5-CD11719E7E43}.Debug|iPhone.Deploy.0 = Debug|Any CPU
		{22D53993-42AD-499A-91C5-CD11719E7E43}.Debug|iPhoneSimulator.ActiveCfg = Debug|Any CPU
		{22D53993-42AD-499A-91C5-CD11719E7E43}.Debug|iPhoneSimulator.Build.0 = Debug|Any CPU
		{22D53993-42AD-499A-91C5-CD11719E7E43}.Debug|iPhoneSimulator.Deploy.0 = Debug|Any CPU
		{22D53993-42AD-499A-91C5-CD11719E7E43}.Release|Any CPU.ActiveCfg = Release|Any CPU
		{22D53993-42AD-499A-91C5-CD11719E7E43}.Release|Any CPU.Build.0 = Release|Any CPU
		{22D53993-42AD-499A-91C5-CD11719E7E43}.Release|Any CPU.Deploy.0 = Release|Any CPU
		{22D53993-42AD-499A-91C5-CD11719E7E43}.Release|iPhone.ActiveCfg = Release|Any CPU
		{22D53993-42AD-499A-91C5-CD11719E7E43}.Release|iPhone.Build.0 = Release|Any CPU
		{22D53993-42AD-499A-91C5-CD11719E7E43}.Release|iPhone.Deploy.0 = Release|Any CPU
		{22D53993-42AD-499A-91C5-CD11719E7E43}.Release|iPhoneSimulator.ActiveCfg = Release|Any CPU
		{22D53993-42AD-499A-91C5-CD11719E7E43}.Release|iPhoneSimulator.Build.0 = Release|Any CPU
		{22D53993-42AD-499A-91C5-CD11719E7E43}.Release|iPhoneSimulator.Deploy.0 = Release|Any CPU
		{A15E8065-E3D4-4320-803B-55F84C6956AC}.Ad-Hoc|Any CPU.ActiveCfg = Ad-Hoc|iPhone
		{A15E8065-E3D4-4320-803B-55F84C6956AC}.Ad-Hoc|iPhone.ActiveCfg = Ad-Hoc|iPhone
		{A15E8065-E3D4-4320-803B-55F84C6956AC}.Ad-Hoc|iPhone.Build.0 = Ad-Hoc|iPhone
		{A15E8065-E3D4-4320-803B-55F84C6956AC}.Ad-Hoc|iPhoneSimulator.ActiveCfg = Ad-Hoc|iPhoneSimulator
		{A15E8065-E3D4-4320-803B-55F84C6956AC}.Ad-Hoc|iPhoneSimulator.Build.0 = Ad-Hoc|iPhoneSimulator
		{A15E8065-E3D4-4320-803B-55F84C6956AC}.AppStore|Any CPU.ActiveCfg = AppStore|iPhone
		{A15E8065-E3D4-4320-803B-55F84C6956AC}.AppStore|iPhone.ActiveCfg = AppStore|iPhone
		{A15E8065-E3D4-4320-803B-55F84C6956AC}.AppStore|iPhone.Build.0 = AppStore|iPhone
		{A15E8065-E3D4-4320-803B-55F84C6956AC}.AppStore|iPhoneSimulator.ActiveCfg = AppStore|iPhoneSimulator
		{A15E8065-E3D4-4320-803B-55F84C6956AC}.AppStore|iPhoneSimulator.Build.0 = AppStore|iPhoneSimulator
		{A15E8065-E3D4-4320-803B-55F84C6956AC}.Debug|Any CPU.ActiveCfg = Debug|iPhone
		{A15E8065-E3D4-4320-803B-55F84C6956AC}.Debug|iPhone.ActiveCfg = Debug|iPhone
		{A15E8065-E3D4-4320-803B-55F84C6956AC}.Debug|iPhone.Build.0 = Debug|iPhone
		{A15E8065-E3D4-4320-803B-55F84C6956AC}.Debug|iPhoneSimulator.ActiveCfg = Debug|iPhoneSimulator
		{A15E8065-E3D4-4320-803B-55F84C6956AC}.Debug|iPhoneSimulator.Build.0 = Debug|iPhoneSimulator
		{A15E8065-E3D4-4320-803B-55F84C6956AC}.Release|Any CPU.ActiveCfg = Release|iPhone
		{A15E8065-E3D4-4320-803B-55F84C6956AC}.Release|iPhone.ActiveCfg = Release|iPhone
		{A15E8065-E3D4-4320-803B-55F84C6956AC}.Release|iPhone.Build.0 = Release|iPhone
		{A15E8065-E3D4-4320-803B-55F84C6956AC}.Release|iPhoneSimulator.ActiveCfg = Release|iPhoneSimulator
		{A15E8065-E3D4-4320-803B-55F84C6956AC}.Release|iPhoneSimulator.Build.0 = Release|iPhoneSimulator
	EndGlobalSection
	GlobalSection(SolutionProperties) = preSolution
		HideSolutionNode = FALSE
	EndGlobalSection
	GlobalSection(ExtensibilityGlobals) = postSolution
		SolutionGuid = {E73067D7-3B99-4CED-AA0E-089482CD8DC4}
	EndGlobalSection
EndGlobal
